
Microsoft Visual Studio Solution File, Format Version 12.00
# Visual Studio Version 16
VisualStudioVersion = 16.0.29230.47
MinimumVisualStudioVersion = 10.0.40219.1
Project("{9A19103F-16F7-4668-BE54-9A1E7A4F7556}") = "G9ScheduleManagement", "G9ScheduleManagement\G9ScheduleManagement.csproj", "{DEDE061D-C58B-4BF8-8E08-3C16A2DCE6ED}"
EndProject
Project("{FAE04EC0-301F-11D3-BF4B-00C04F79EFBC}") = "G9ScheduleNUnitTest", "G9ScheduleNUnitTest\G9ScheduleNUnitTest.csproj", "{13F6C1C9-2F9A-4864-BF9A-65835D5ECFFF}"
EndProject
Global
	GlobalSection(SolutionConfigurationPlatforms) = preSolution
		Debug|Any CPU = Debug|Any CPU
		Release|Any CPU = Release|Any CPU
	EndGlobalSection
	GlobalSection(ProjectConfigurationPlatforms) = postSolution
		{DEDE061D-C58B-4BF8-8E08-3C16A2DCE6ED}.Debug|Any CPU.ActiveCfg = Debug|Any CPU
		{DEDE061D-C58B-4BF8-8E08-3C16A2DCE6ED}.Debug|Any CPU.Build.0 = Debug|Any CPU
		{DEDE061D-C58B-4BF8-8E08-3C16A2DCE6ED}.Release|Any CPU.ActiveCfg = Release|Any CPU
		{DEDE061D-C58B-4BF8-8E08-3C16A2DCE6ED}.Release|Any CPU.Build.0 = Release|Any CPU
		{13F6C1C9-2F9A-4864-BF9A-65835D5ECFFF}.Debug|Any CPU.ActiveCfg = Debug|Any CPU
		{13F6C1C9-2F9A-4864-BF9A-65835D5ECFFF}.Debug|Any CPU.Build.0 = Debug|Any CPU
		{13F6C1C9-2F9A-4864-BF9A-65835D5ECFFF}.Release|Any CPU.ActiveCfg = Release|Any CPU
		{13F6C1C9-2F9A-4864-BF9A-65835D5ECFFF}.Release|Any CPU.Build.0 = Release|Any CPU
	EndGlobalSection
	GlobalSection(SolutionProperties) = preSolution
		HideSolutionNode = FALSE
	EndGlobalSection
	GlobalSection(ExtensibilityGlobals) = postSolution
		SolutionGuid = {A85033AC-0729-476A-B441-5A0F0F17F389}
	EndGlobalSection
EndGlobal
